# THIS IS AN AUTOGENERATED FILE. DO NOT EDIT THIS FILE DIRECTLY.
# yarn lockfile v1


"@han-moe-htet/funkify@^0.0.1":
  version "0.0.1"
  resolved "https://registry.yarnpkg.com/@han-moe-htet/funkify/-/funkify-0.0.1.tgz#3d4afcd28fc136a47f4c233a8818081ec59efbbd"
  integrity sha512-BLJGZAQ5K9i5j5fOY9Ifj8WbcJMOY2OUz3u8ltn3ESQ9hedwrJjYR9s0wqYp5Z5tjfRL7Vl3+XF7nuiijklZlQ==
